
Microsoft Visual Studio Solution File, Format Version 12.00
# Visual Studio Version 16
VisualStudioVersion = 16.0.31702.278
MinimumVisualStudioVersion = 10.0.40219.1
Project("{FAE04EC0-301F-11D3-BF4B-00C04F79EFBC}") = "SimThe", "SimThe.csproj", "{80E78B14-B68D-47C6-8692-AC99C0A8B6CF}"
EndProject
Global
	GlobalSection(SolutionConfigurationPlatforms) = preSolution
		Debug|Any CPU = Debug|Any CPU
		Release|Any CPU = Release|Any CPU
	EndGlobalSection
	GlobalSection(ProjectConfigurationPlatforms) = postSolution
		{80E78B14-B68D-47C6-8692-AC99C0A8B6CF}.Debug|Any CPU.ActiveCfg = Debug|Any CPU
		{80E78B14-B68D-47C6-8692-AC99C0A8B6CF}.Debug|Any CPU.Build.0 = Debug|Any CPU
		{80E78B14-B68D-47C6-8692-AC99C0A8B6CF}.Release|Any CPU.ActiveCfg = Release|Any CPU
		{80E78B14-B68D-47C6-8692-AC99C0A8B6CF}.Release|Any CPU.Build.0 = Release|Any CPU
	EndGlobalSection
	GlobalSection(SolutionProperties) = preSolution
		HideSolutionNode = FALSE
	EndGlobalSection
	GlobalSection(ExtensibilityGlobals) = postSolution
		SolutionGuid = {05249A1E-9D18-4DDB-BA19-CE439B1C7C9B}
	EndGlobalSection
EndGlobal
