
Microsoft Visual Studio Solution File, Format Version 12.00
# Visual Studio Version 16
VisualStudioVersion = 16.0.31702.278
MinimumVisualStudioVersion = 10.0.40219.1
Project("{FAE04EC0-301F-11D3-BF4B-00C04F79EFBC}") = "De07_MayBay", "De07_MayBay.csproj", "{4196D3D4-2580-4663-8BAC-760171AF57F8}"
EndProject
Global
	GlobalSection(SolutionConfigurationPlatforms) = preSolution
		Debug|Any CPU = Debug|Any CPU
		Release|Any CPU = Release|Any CPU
	EndGlobalSection
	GlobalSection(ProjectConfigurationPlatforms) = postSolution
		{4196D3D4-2580-4663-8BAC-760171AF57F8}.Debug|Any CPU.ActiveCfg = Debug|Any CPU
		{4196D3D4-2580-4663-8BAC-760171AF57F8}.Debug|Any CPU.Build.0 = Debug|Any CPU
		{4196D3D4-2580-4663-8BAC-760171AF57F8}.Release|Any CPU.ActiveCfg = Release|Any CPU
		{4196D3D4-2580-4663-8BAC-760171AF57F8}.Release|Any CPU.Build.0 = Release|Any CPU
	EndGlobalSection
	GlobalSection(SolutionProperties) = preSolution
		HideSolutionNode = FALSE
	EndGlobalSection
	GlobalSection(ExtensibilityGlobals) = postSolution
		SolutionGuid = {8B7127AC-3CFC-4314-86BE-3D3C87911A30}
	EndGlobalSection
EndGlobal
