
Microsoft Visual Studio Solution File, Format Version 12.00
# Visual Studio Version 16
VisualStudioVersion = 16.0.31702.278
MinimumVisualStudioVersion = 10.0.40219.1
Project("{FAE04EC0-301F-11D3-BF4B-00C04F79EFBC}") = "DeNguoiDung", "DeNguoiDung.csproj", "{CE3B381C-3A21-480B-AB7F-4AA60C1239D4}"
EndProject
Global
	GlobalSection(SolutionConfigurationPlatforms) = preSolution
		Debug|Any CPU = Debug|Any CPU
		Release|Any CPU = Release|Any CPU
	EndGlobalSection
	GlobalSection(ProjectConfigurationPlatforms) = postSolution
		{CE3B381C-3A21-480B-AB7F-4AA60C1239D4}.Debug|Any CPU.ActiveCfg = Debug|Any CPU
		{CE3B381C-3A21-480B-AB7F-4AA60C1239D4}.Debug|Any CPU.Build.0 = Debug|Any CPU
		{CE3B381C-3A21-480B-AB7F-4AA60C1239D4}.Release|Any CPU.ActiveCfg = Release|Any CPU
		{CE3B381C-3A21-480B-AB7F-4AA60C1239D4}.Release|Any CPU.Build.0 = Release|Any CPU
	EndGlobalSection
	GlobalSection(SolutionProperties) = preSolution
		HideSolutionNode = FALSE
	EndGlobalSection
	GlobalSection(ExtensibilityGlobals) = postSolution
		SolutionGuid = {AAEF9A3C-FA80-4BC5-8F6B-4E0C69721CF2}
	EndGlobalSection
EndGlobal
